
Microsoft Visual Studio Solution File, Format Version 10.00
# Visual C++ Express 2008
Project("{8BC9CEB8-8B4A-11D0-8D11-00A0C91BC942}") = "sarona", "sarona.vcproj", "{8D1921A9-5154-421F-8059-2D0D9E15D350}"
	ProjectSection(ProjectDependencies) = postProject
		{5505763A-2052-4589-AE7B-B9A6E0856D28} = {5505763A-2052-4589-AE7B-B9A6E0856D28}
		{36870952-E474-4460-923E-99E614472CFF} = {36870952-E474-4460-923E-99E614472CFF}
		{568360A7-4D59-4B20-97C3-E6554B3B61FC} = {568360A7-4D59-4B20-97C3-E6554B3B61FC}
	EndProjectSection
EndProject
Project("{8BC9CEB8-8B4A-11D0-8D11-00A0C91BC942}") = "enet", "enet\enet.vcproj", "{568360A7-4D59-4B20-97C3-E6554B3B61FC}"
EndProject
Project("{8BC9CEB8-8B4A-11D0-8D11-00A0C91BC942}") = "bullet3d", "bullet3d\bullet3d.vcproj", "{36870952-E474-4460-923E-99E614472CFF}"
EndProject
Project("{8BC9CEB8-8B4A-11D0-8D11-00A0C91BC942}") = "jsoncpp", "jsoncpp\jsoncpp.vcproj", "{5505763A-2052-4589-AE7B-B9A6E0856D28}"
EndProject
Global
	GlobalSection(SolutionConfigurationPlatforms) = preSolution
		Debug|Win32 = Debug|Win32
		Release|Win32 = Release|Win32
	EndGlobalSection
	GlobalSection(ProjectConfigurationPlatforms) = postSolution
		{8D1921A9-5154-421F-8059-2D0D9E15D350}.Debug|Win32.ActiveCfg = Debug|Win32
		{8D1921A9-5154-421F-8059-2D0D9E15D350}.Debug|Win32.Build.0 = Debug|Win32
		{8D1921A9-5154-421F-8059-2D0D9E15D350}.Release|Win32.ActiveCfg = Release|Win32
		{8D1921A9-5154-421F-8059-2D0D9E15D350}.Release|Win32.Build.0 = Release|Win32
		{568360A7-4D59-4B20-97C3-E6554B3B61FC}.Debug|Win32.ActiveCfg = Debug|Win32
		{568360A7-4D59-4B20-97C3-E6554B3B61FC}.Debug|Win32.Build.0 = Debug|Win32
		{568360A7-4D59-4B20-97C3-E6554B3B61FC}.Release|Win32.ActiveCfg = Release|Win32
		{568360A7-4D59-4B20-97C3-E6554B3B61FC}.Release|Win32.Build.0 = Release|Win32
		{36870952-E474-4460-923E-99E614472CFF}.Debug|Win32.ActiveCfg = Debug|Win32
		{36870952-E474-4460-923E-99E614472CFF}.Debug|Win32.Build.0 = Debug|Win32
		{36870952-E474-4460-923E-99E614472CFF}.Release|Win32.ActiveCfg = Release|Win32
		{36870952-E474-4460-923E-99E614472CFF}.Release|Win32.Build.0 = Release|Win32
		{5505763A-2052-4589-AE7B-B9A6E0856D28}.Debug|Win32.ActiveCfg = Debug|Win32
		{5505763A-2052-4589-AE7B-B9A6E0856D28}.Debug|Win32.Build.0 = Debug|Win32
		{5505763A-2052-4589-AE7B-B9A6E0856D28}.Release|Win32.ActiveCfg = Release|Win32
		{5505763A-2052-4589-AE7B-B9A6E0856D28}.Release|Win32.Build.0 = Release|Win32
	EndGlobalSection
	GlobalSection(SolutionProperties) = preSolution
		HideSolutionNode = FALSE
	EndGlobalSection
EndGlobal
